<Solution>
  <Configurations>
    <Platform Name="Any CPU" />
    <Platform Name="ARM64" />
    <Platform Name="x64" />
    <Platform Name="x86" />
  </Configurations>
  <Folder Name="/Solution Items/">
    <File Path=".editorconfig" />
    <File Path=".gitignore" />
    <File Path="Directory.Packages.props" />
    <File Path="README.md" />
  </Folder>
  <Folder Name="/Solution Items/.github/" />
  <Folder Name="/Solution Items/.github/workflows/">
    <File Path=".github/workflows/develop-beta-ci.yml" />
    <File Path=".github/workflows/develop-release-ci.yml" />
  </Folder>
  <Folder Name="/src/">
    <Project Path="src/ThunderPropagator.RecoveryHandler.Redis/ThunderPropagator.RecoveryHandler.Redis.csproj">
        <Platform Solution="*|ARM64" Project="ARM64" />
        <Platform Solution="*|x64" Project="x64" />
        <Platform Solution="*|x86" Project="x86" />
    </Project>
    <Project Path="src/ThunderPropagator.RecoveryHandler.MongoDb/ThunderPropagator.RecoveryHandler.MongoDb.csproj">
      <Platform Solution="*|ARM64" Project="ARM64" />
      <Platform Solution="*|x64" Project="x64" />
      <Platform Solution="*|x86" Project="x86" />
    </Project>
    <Project Path="src/ThunderPropagator.RecoveryHandler.Postgresql/ThunderPropagator.RecoveryHandler.Postgresql.csproj">
      <Platform Solution="*|ARM64" Project="ARM64" />
      <Platform Solution="*|x64" Project="x64" />
      <Platform Solution="*|x86" Project="x86" />
    </Project>
    <Project Path="src/ThunderPropagator.RecoveryHandler.SharedKernel/ThunderPropagator.RecoveryHandler.SharedKernel.csproj" />
  </Folder>
  <Folder Name="/Tests/">
    <Project Path="Tests/ThunderPropagator.ArchTests/ThunderPropagator.ArchTests.csproj">
      <Platform Solution="*|ARM64" Project="ARM64" />
      <Platform Solution="*|x64" Project="x64" />
      <Platform Solution="*|x86" Project="x86" />
      <Build Solution="*|ARM64" Project="false" />
      <Build Solution="*|x64" Project="false" />
      <Build Solution="*|x86" Project="false" />
      <Build Solution="Release|Any CPU" Project="false" />
    </Project>
    <Project Path="Tests/ThunderPropagator.UnitTests/ThunderPropagator.UnitTests.csproj">
      <Platform Solution="*|ARM64" Project="ARM64" />
      <Platform Solution="*|x64" Project="x64" />
      <Platform Solution="*|x86" Project="x86" />
      <Build Solution="*|ARM64" Project="false" />
      <Build Solution="*|x64" Project="false" />
      <Build Solution="*|x86" Project="false" />
      <Build Solution="Release|Any CPU" Project="false" />
    </Project>
  </Folder>
</Solution>
